Microsoft Visual Studio Solution File, Format Version 12.00
# Visual Studio Version 17
VisualStudioVersion = 17.5.2.0
MinimumVisualStudioVersion = 10.0.40219.1
Project("{FAE04EC0-301F-11D3-BF4B-00C04F79EFBC}") = "Regex", "Regex\Regex.csproj", "{6B03E230-3D9E-84C9-5BAF-2593473DF281}"
EndProject
Global
	GlobalSection(SolutionConfigurationPlatforms) = preSolution
		Debug|Any CPU = Debug|Any CPU
		Release|Any CPU = Release|Any CPU
	EndGlobalSection
	GlobalSection(ProjectConfigurationPlatforms) = postSolution
		{6B03E230-3D9E-84C9-5BAF-2593473DF281}.Debug|Any CPU.ActiveCfg = Debug|Any CPU
		{6B03E230-3D9E-84C9-5BAF-2593473DF281}.Debug|Any CPU.Build.0 = Debug|Any CPU
		{6B03E230-3D9E-84C9-5BAF-2593473DF281}.Release|Any CPU.ActiveCfg = Release|Any CPU
		{6B03E230-3D9E-84C9-5BAF-2593473DF281}.Release|Any CPU.Build.0 = Release|Any CPU
	EndGlobalSection
	GlobalSection(SolutionProperties) = preSolution
		HideSolutionNode = FALSE
	EndGlobalSection
	GlobalSection(ExtensibilityGlobals) = postSolution
		SolutionGuid = {F7CD84CF-C82D-4B69-8B9F-9F6A68B3119D}
	EndGlobalSection
EndGlobal
